// !$*UTF8*$!
{
	archiveVersion = 1;
	classes = {
	};
	objectVersion = 56;
	objects = {

/* Begin PBXBuildFile section */
		2111F1822B905CD700C6412F /* Validation.swift in Sources */ = {isa = PBXBuildFile; fileRef = 2111F1812B905CD700C6412F /* Validation.swift */; };
		213C01B12B7DB9E3001C1A92 /* session2App.swift in Sources */ = {isa = PBXBuildFile; fileRef = 213C01B02B7DB9E3001C1A92 /* session2App.swift */; };
		213C01B32B7DB9E3001C1A92 /* ContentView.swift in Sources */ = {isa = PBXBuildFile; fileRef = 213C01B22B7DB9E3001C1A92 /* ContentView.swift */; };
		213C01B52B7DB9E5001C1A92 /* Assets.xcassets in Resources */ = {isa = PBXBuildFile; fileRef = 213C01B42B7DB9E5001C1A92 /* Assets.xcassets */; };
		213C01B82B7DB9E5001C1A92 /* Preview Assets.xcassets in Resources */ = {isa = PBXBuildFile; fileRef = 213C01B72B7DB9E5001C1A92 /* Preview Assets.xcassets */; };
		213C01BF2B7DB9F1001C1A92 /* SignIn.swift in Sources */ = {isa = PBXBuildFile; fileRef = 213C01BE2B7DB9F1001C1A92 /* SignIn.swift */; };
		213C01E92B832B94001C1A92 /* Agree.swift in Sources */ = {isa = PBXBuildFile; fileRef = 213C01E82B832B94001C1A92 /* Agree.swift */; };
		213C01EB2B832D8C001C1A92 /* AgreeText.swift in Sources */ = {isa = PBXBuildFile; fileRef = 213C01EA2B832D8C001C1A92 /* AgreeText.swift */; };
		213C01F12B848B10001C1A92 /* Log_in.swift in Sources */ = {isa = PBXBuildFile; fileRef = 213C01F02B848B10001C1A92 /* Log_in.swift */; };
		213C01F32B8497B1001C1A92 /* ForgotPassword.swift in Sources */ = {isa = PBXBuildFile; fileRef = 213C01F22B8497B1001C1A92 /* ForgotPassword.swift */; };
		213C01FC2B85E23D001C1A92 /* Custom.swift in Sources */ = {isa = PBXBuildFile; fileRef = 213C01FB2B85E23D001C1A92 /* Custom.swift */; };
/* End PBXBuildFile section */

/* Begin PBXFileReference section */
		2111F1812B905CD700C6412F /* Validation.swift */ = {isa = PBXFileReference; lastKnownFileType = sourcecode.swift; path = Validation.swift; sourceTree = "<group>"; };
		213C01AD2B7DB9E3001C1A92 /* session2.app */ = {isa = PBXFileReference; explicitFileType = wrapper.application; includeInIndex = 0; path = session2.app; sourceTree = BUILT_PRODUCTS_DIR; };
		213C01B02B7DB9E3001C1A92 /* session2App.swift */ = {isa = PBXFileReference; lastKnownFileType = sourcecode.swift; path = session2App.swift; sourceTree = "<group>"; };
		213C01B22B7DB9E3001C1A92 /* ContentView.swift */ = {isa = PBXFileReference; lastKnownFileType = sourcecode.swift; path = ContentView.swift; sourceTree = "<group>"; };
		213C01B42B7DB9E5001C1A92 /* Assets.xcassets */ = {isa = PBXFileReference; lastKnownFileType = folder.assetcatalog; path = Assets.xcassets; sourceTree = "<group>"; };
		213C01B72B7DB9E5001C1A92 /* Preview Assets.xcassets */ = {isa = PBXFileReference; lastKnownFileType = folder.assetcatalog; path = "Preview Assets.xcassets"; sourceTree = "<group>"; };
		213C01BE2B7DB9F1001C1A92 /* SignIn.swift */ = {isa = PBXFileReference; lastKnownFileType = sourcecode.swift; path = SignIn.swift; sourceTree = "<group>"; };
		213C01E82B832B94001C1A92 /* Agree.swift */ = {isa = PBXFileReference; lastKnownFileType = sourcecode.swift; path = Agree.swift; sourceTree = "<group>"; };
		213C01EA2B832D8C001C1A92 /* AgreeText.swift */ = {isa = PBXFileReference; lastKnownFileType = sourcecode.swift; path = AgreeText.swift; sourceTree = "<group>"; };
		213C01F02B848B10001C1A92 /* Log_in.swift */ = {isa = PBXFileReference; lastKnownFileType = sourcecode.swift; path = Log_in.swift; sourceTree = "<group>"; };
		213C01F22B8497B1001C1A92 /* ForgotPassword.swift */ = {isa = PBXFileReference; lastKnownFileType = sourcecode.swift; path = ForgotPassword.swift; sourceTree = "<group>"; };
		213C01FB2B85E23D001C1A92 /* Custom.swift */ = {isa = PBXFileReference; lastKnownFileType = sourcecode.swift; path = Custom.swift; sourceTree = "<group>"; };
/* End PBXFileReference section */

/* Begin PBXFrameworksBuildPhase section */
		213C01AA2B7DB9E3001C1A92 /* Frameworks */ = {
			isa = PBXFrameworksBuildPhase;
			buildActionMask = 2147483647;
			files = (
			);
			runOnlyForDeploymentPostprocessing = 0;
		};
/* End PBXFrameworksBuildPhase section */

/* Begin PBXGroup section */
		2111F17E2B905A6800C6412F /* Model */ = {
			isa = PBXGroup;
			children = (
				2111F1812B905CD700C6412F /* Validation.swift */,
			);
			path = Model;
			sourceTree = "<group>";
		};
		213C01A42B7DB9E3001C1A92 = {
			isa = PBXGroup;
			children = (
				213C01AF2B7DB9E3001C1A92 /* session2 */,
				213C01AE2B7DB9E3001C1A92 /* Products */,
			);
			sourceTree = "<group>";
		};
		213C01AE2B7DB9E3001C1A92 /* Products */ = {
			isa = PBXGroup;
			children = (
				213C01AD2B7DB9E3001C1A92 /* session2.app */,
			);
			name = Products;
			sourceTree = "<group>";
		};
		213C01AF2B7DB9E3001C1A92 /* session2 */ = {
			isa = PBXGroup;
			children = (
				213C01B02B7DB9E3001C1A92 /* session2App.swift */,
				213C01B22B7DB9E3001C1A92 /* ContentView.swift */,
				2111F17E2B905A6800C6412F /* Model */,
				213C01FD2B85E75B001C1A92 /* ForgotPassword */,
				213C01EC2B8345B2001C1A92 /* ScreenSign */,
				213C01ED2B848A3E001C1A92 /* ScreenLogin */,
				213C01C22B7DBB1B001C1A92 /* TextFields */,
				213C01B42B7DB9E5001C1A92 /* Assets.xcassets */,
				213C01B62B7DB9E5001C1A92 /* Preview Content */,
			);
			path = session2;
			sourceTree = "<group>";
		};
		213C01B62B7DB9E5001C1A92 /* Preview Content */ = {
			isa = PBXGroup;
			children = (
				213C01B72B7DB9E5001C1A92 /* Preview Assets.xcassets */,
			);
			path = "Preview Content";
			sourceTree = "<group>";
		};
		213C01C22B7DBB1B001C1A92 /* TextFields */ = {
			isa = PBXGroup;
			children = (
				213C01EA2B832D8C001C1A92 /* AgreeText.swift */,
				213C01FB2B85E23D001C1A92 /* Custom.swift */,
			);
			path = TextFields;
			sourceTree = "<group>";
		};
		213C01EC2B8345B2001C1A92 /* ScreenSign */ = {
			isa = PBXGroup;
			children = (
				213C01E82B832B94001C1A92 /* Agree.swift */,
				213C01BE2B7DB9F1001C1A92 /* SignIn.swift */,
			);
			path = ScreenSign;
			sourceTree = "<group>";
		};
		213C01ED2B848A3E001C1A92 /* ScreenLogin */ = {
			isa = PBXGroup;
			children = (
				213C01F02B848B10001C1A92 /* Log_in.swift */,
			);
			path = ScreenLogin;
			sourceTree = "<group>";
		};
		213C01FD2B85E75B001C1A92 /* ForgotPassword */ = {
			isa = PBXGroup;
			children = (
				213C01F22B8497B1001C1A92 /* ForgotPassword.swift */,
			);
			path = ForgotPassword;
			sourceTree = "<group>";
		};
/* End PBXGroup section */

/* Begin PBXNativeTarget section */
		213C01AC2B7DB9E3001C1A92 /* session2 */ = {
			isa = PBXNativeTarget;
			buildConfigurationList = 213C01BB2B7DB9E5001C1A92 /* Build configuration list for PBXNativeTarget "session2" */;
			buildPhases = (
				213C01A92B7DB9E3001C1A92 /* Sources */,
				213C01AA2B7DB9E3001C1A92 /* Frameworks */,
				213C01AB2B7DB9E3001C1A92 /* Resources */,
			);
			buildRules = (
			);
			dependencies = (
			);
			name = session2;
			productName = session2;
			productReference = 213C01AD2B7DB9E3001C1A92 /* session2.app */;
			productType = "com.apple.product-type.application";
		};
/* End PBXNativeTarget section */

/* Begin PBXProject section */
		213C01A52B7DB9E3001C1A92 /* Project object */ = {
			isa = PBXProject;
			attributes = {
				BuildIndependentTargetsInParallel = 1;
				LastSwiftUpdateCheck = 1520;
				LastUpgradeCheck = 1520;
				TargetAttributes = {
					213C01AC2B7DB9E3001C1A92 = {
						CreatedOnToolsVersion = 15.2;
					};
				};
			};
			buildConfigurationList = 213C01A82B7DB9E3001C1A92 /* Build configuration list for PBXProject "session2" */;
			compatibilityVersion = "Xcode 14.0";
			developmentRegion = en;
			hasScannedForEncodings = 0;
			knownRegions = (
				en,
				Base,
			);
			mainGroup = 213C01A42B7DB9E3001C1A92;
			productRefGroup = 213C01AE2B7DB9E3001C1A92 /* Products */;
			projectDirPath = "";
			projectRoot = "";
			targets = (
				213C01AC2B7DB9E3001C1A92 /* session2 */,
			);
		};
/* End PBXProject section */

/* Begin PBXResourcesBuildPhase section */
		213C01AB2B7DB9E3001C1A92 /* Resources */ = {
			isa = PBXResourcesBuildPhase;
			buildActionMask = 2147483647;
			files = (
				213C01B82B7DB9E5001C1A92 /* Preview Assets.xcassets in Resources */,
				213C01B52B7DB9E5001C1A92 /* Assets.xcassets in Resources */,
			);
			runOnlyForDeploymentPostprocessing = 0;
		};
/* End PBXResourcesBuildPhase section */

/* Begin PBXSourcesBuildPhase section */
		213C01A92B7DB9E3001C1A92 /* Sources */ = {
			isa = PBXSourcesBuildPhase;
			buildActionMask = 2147483647;
			files = (
				213C01B32B7DB9E3001C1A92 /* ContentView.swift in Sources */,
				213C01BF2B7DB9F1001C1A92 /* SignIn.swift in Sources */,
				213C01FC2B85E23D001C1A92 /* Custom.swift in Sources */,
				213C01F12B848B10001C1A92 /* Log_in.swift in Sources */,
				2111F1822B905CD700C6412F /* Validation.swift in Sources */,
				213C01E92B832B94001C1A92 /* Agree.swift in Sources */,
				213C01B12B7DB9E3001C1A92 /* session2App.swift in Sources */,
				213C01EB2B832D8C001C1A92 /* AgreeText.swift in Sources */,
				213C01F32B8497B1001C1A92 /* ForgotPassword.swift in Sources */,
			);
			runOnlyForDeploymentPostprocessing = 0;
		};
/* End PBXSourcesBuildPhase section */

/* Begin XCBuildConfiguration section */
		213C01B92B7DB9E5001C1A92 /* Debug */ = {
			isa = XCBuildConfiguration;
			buildSettings = {
				ALWAYS_SEARCH_USER_PATHS = NO;
				ASSETCATALOG_COMPILER_GENERATE_SWIFT_ASSET_SYMBOL_EXTENSIONS = YES;
				CLANG_ANALYZER_NONNULL = YES;
				CLANG_ANALYZER_NUMBER_OBJECT_CONVERSION = YES_AGGRESSIVE;
				CLANG_CXX_LANGUAGE_STANDARD = "gnu++20";
				CLANG_ENABLE_MODULES = YES;
				CLANG_ENABLE_OBJC_ARC = YES;
				CLANG_ENABLE_OBJC_WEAK = YES;
				CLANG_WARN_BLOCK_CAPTURE_AUTORELEASING = YES;
				CLANG_WARN_BOOL_CONVERSION = YES;
				CLANG_WARN_COMMA = YES;
				CLANG_WARN_CONSTANT_CONVERSION = YES;
				CLANG_WARN_DEPRECATED_OBJC_IMPLEMENTATIONS = YES;
				CLANG_WARN_DIRECT_OBJC_ISA_USAGE = YES_ERROR;
				CLANG_WARN_DOCUMENTATION_COMMENTS = YES;
				CLANG_WARN_EMPTY_BODY = YES;
				CLANG_WARN_ENUM_CONVERSION = YES;
				CLANG_WARN_INFINITE_RECURSION = YES;
				CLANG_WARN_INT_CONVERSION = YES;
				CLANG_WARN_NON_LITERAL_NULL_CONVERSION = YES;
				CLANG_WARN_OBJC_IMPLICIT_RETAIN_SELF = YES;
				CLANG_WARN_OBJC_LITERAL_CONVERSION = YES;
				CLANG_WARN_OBJC_ROOT_CLASS = YES_ERROR;
				CLANG_WARN_QUOTED_INCLUDE_IN_FRAMEWORK_HEADER = YES;
				CLANG_WARN_RANGE_LOOP_ANALYSIS = YES;
				CLANG_WARN_STRICT_PROTOTYPES = YES;
				CLANG_WARN_SUSPICIOUS_MOVE = YES;
				CLANG_WARN_UNGUARDED_AVAILABILITY = YES_AGGRESSIVE;
				CLANG_WARN_UNREACHABLE_CODE = YES;
				CLANG_WARN__DUPLICATE_METHOD_MATCH = YES;
				COPY_PHASE_STRIP = NO;
				DEBUG_INFORMATION_FORMAT = dwarf;
				ENABLE_STRICT_OBJC_MSGSEND = YES;
				ENABLE_TESTABILITY = YES;
				ENABLE_USER_SCRIPT_SANDBOXING = YES;
				GCC_C_LANGUAGE_STANDARD = gnu17;
				GCC_DYNAMIC_NO_PIC = NO;
				GCC_NO_COMMON_BLOCKS = YES;
				GCC_OPTIMIZATION_LEVEL = 0;
				GCC_PREPROCESSOR_DEFINITIONS = (
					"DEBUG=1",
					"$(inherited)",
				);
				GCC_WARN_64_TO_32_BIT_CONVERSION = YES;
				GCC_WARN_ABOUT_RETURN_TYPE = YES_ERROR;
				GCC_WARN_UNDECLARED_SELECTOR = YES;
				GCC_WARN_UNINITIALIZED_AUTOS = YES_AGGRESSIVE;
				GCC_WARN_UNUSED_FUNCTION = YES;
				GCC_WARN_UNUSED_VARIABLE = YES;
				IPHONEOS_DEPLOYMENT_TARGET = 17.2;
				LOCALIZATION_PREFERS_STRING_CATALOGS = YES;
				MTL_ENABLE_DEBUG_INFO = INCLUDE_SOURCE;
				MTL_FAST_MATH = YES;
				ONLY_ACTIVE_ARCH = YES;
				SDKROOT = iphoneos;
				SWIFT_ACTIVE_COMPILATION_CONDITIONS = "DEBUG $(inherited)";
				SWIFT_OPTIMIZATION_LEVEL = "-Onone";
			};
			name = Debug;
		};
		213C01BA2B7DB9E5001C1A92 /* Release */ = {
			isa = XCBuildConfiguration;
			buildSettings = {
				ALWAYS_SEARCH_USER_PATHS = NO;
				ASSETCATALOG_COMPILER_GENERATE_SWIFT_ASSET_SYMBOL_EXTENSIONS = YES;
				CLANG_ANALYZER_NONNULL = YES;
				CLANG_ANALYZER_NUMBER_OBJECT_CONVERSION = YES_AGGRESSIVE;
				CLANG_CXX_LANGUAGE_STANDARD = "gnu++20";
				CLANG_ENABLE_MODULES = YES;
				CLANG_ENABLE_OBJC_ARC = YES;
				CLANG_ENABLE_OBJC_WEAK = YES;
				CLANG_WARN_BLOCK_CAPTURE_AUTORELEASING = YES;
				CLANG_WARN_BOOL_CONVERSION = YES;
				CLANG_WARN_COMMA = YES;
				CLANG_WARN_CONSTANT_CONVERSION = YES;
				CLANG_WARN_DEPRECATED_OBJC_IMPLEMENTATIONS = YES;
				CLANG_WARN_DIRECT_OBJC_ISA_USAGE = YES_ERROR;
				CLANG_WARN_DOCUMENTATION_COMMENTS = YES;
				CLANG_WARN_EMPTY_BODY = YES;
				CLANG_WARN_ENUM_CONVERSION = YES;
				CLANG_WARN_INFINITE_RECURSION = YES;
				CLANG_WARN_INT_CONVERSION = YES;
				CLANG_WARN_NON_LITERAL_NULL_CONVERSION = YES;
				CLANG_WARN_OBJC_IMPLICIT_RETAIN_SELF = YES;
				CLANG_WARN_OBJC_LITERAL_CONVERSION = YES;
				CLANG_WARN_OBJC_ROOT_CLASS = YES_ERROR;
				CLANG_WARN_QUOTED_INCLUDE_IN_FRAMEWORK_HEADER = YES;
				CLANG_WARN_RANGE_LOOP_ANALYSIS = YES;
				CLANG_WARN_STRICT_PROTOTYPES = YES;
				CLANG_WARN_SUSPICIOUS_MOVE = YES;
				CLANG_WARN_UNGUARDED_AVAILABILITY = YES_AGGRESSIVE;
				CLANG_WARN_UNREACHABLE_CODE = YES;
				CLANG_WARN__DUPLICATE_METHOD_MATCH = YES;
				COPY_PHASE_STRIP = NO;
				DEBUG_INFORMATION_FORMAT = "dwarf-with-dsym";
				ENABLE_NS_ASSERTIONS = NO;
				ENABLE_STRICT_OBJC_MSGSEND = YES;
				ENABLE_USER_SCRIPT_SANDBOXING = YES;
				GCC_C_LANGUAGE_STANDARD = gnu17;
				GCC_NO_COMMON_BLOCKS = YES;
				GCC_WARN_64_TO_32_BIT_CONVERSION = YES;
				GCC_WARN_ABOUT_RETURN_TYPE = YES_ERROR;
				GCC_WARN_UNDECLARED_SELECTOR = YES;
				GCC_WARN_UNINITIALIZED_AUTOS = YES_AGGRESSIVE;
				GCC_WARN_UNUSED_FUNCTION = YES;
				GCC_WARN_UNUSED_VARIABLE = YES;
				IPHONEOS_DEPLOYMENT_TARGET = 17.2;
				LOCALIZATION_PREFERS_STRING_CATALOGS = YES;
				MTL_ENABLE_DEBUG_INFO = NO;
				MTL_FAST_MATH = YES;
				SDKROOT = iphoneos;
				SWIFT_COMPILATION_MODE = wholemodule;
				VALIDATE_PRODUCT = YES;
			};
			name = Release;
		};
		213C01BC2B7DB9E5001C1A92 /* Debug */ = {
			isa = XCBuildConfiguration;
			buildSettings = {
				ASSETCATALOG_COMPILER_APPICON_NAME = AppIcon;
				ASSETCATALOG_COMPILER_GLOBAL_ACCENT_COLOR_NAME = AccentColor;
				CODE_SIGN_STYLE = Automatic;
				CURRENT_PROJECT_VERSION = 1;
				DEVELOPMENT_ASSET_PATHS = "\"session2/Preview Content\"";
				DEVELOPMENT_TEAM = 74A6F279YB;
				ENABLE_PREVIEWS = YES;
				GENERATE_INFOPLIST_FILE = YES;
				INFOPLIST_KEY_UIApplicationSceneManifest_Generation = YES;
				INFOPLIST_KEY_UIApplicationSupportsIndirectInputEvents = YES;
				INFOPLIST_KEY_UILaunchScreen_Generation = YES;
				INFOPLIST_KEY_UISupportedInterfaceOrientations_iPad = "UIInterfaceOrientationPortrait UIInterfaceOrientationPortraitUpsideDown UIInterfaceOrientationLandscapeLeft UIInterfaceOrientationLandscapeRight";
				INFOPLIST_KEY_UISupportedInterfaceOrientations_iPhone = "UIInterfaceOrientationPortrait UIInterfaceOrientationLandscapeLeft UIInterfaceOrientationLandscapeRight";
				LD_RUNPATH_SEARCH_PATHS = (
					"$(inherited)",
					"@executable_path/Frameworks",
				);
				MARKETING_VERSION = 1.0;
				PRODUCT_BUNDLE_IDENTIFIER = verdx.session2;
				PRODUCT_NAME = "$(TARGET_NAME)";
				SWIFT_EMIT_LOC_STRINGS = YES;
				SWIFT_VERSION = 5.0;
				TARGETED_DEVICE_FAMILY = "1,2";
			};
			name = Debug;
		};
		213C01BD2B7DB9E5001C1A92 /* Release */ = {
			isa = XCBuildConfiguration;
			buildSettings = {
				ASSETCATALOG_COMPILER_APPICON_NAME = AppIcon;
				ASSETCATALOG_COMPILER_GLOBAL_ACCENT_COLOR_NAME = AccentColor;
				CODE_SIGN_STYLE = Automatic;
				CURRENT_PROJECT_VERSION = 1;
				DEVELOPMENT_ASSET_PATHS = "\"session2/Preview Content\"";
				DEVELOPMENT_TEAM = 74A6F279YB;
				ENABLE_PREVIEWS = YES;
				GENERATE_INFOPLIST_FILE = YES;
				INFOPLIST_KEY_UIApplicationSceneManifest_Generation = YES;
				INFOPLIST_KEY_UIApplicationSupportsIndirectInputEvents = YES;
				INFOPLIST_KEY_UILaunchScreen_Generation = YES;
				INFOPLIST_KEY_UISupportedInterfaceOrientations_iPad = "UIInterfaceOrientationPortrait UIInterfaceOrientationPortraitUpsideDown UIInterfaceOrientationLandscapeLeft UIInterfaceOrientationLandscapeRight";
				INFOPLIST_KEY_UISupportedInterfaceOrientations_iPhone = "UIInterfaceOrientationPortrait UIInterfaceOrientationLandscapeLeft UIInterfaceOrientationLandscapeRight";
				LD_RUNPATH_SEARCH_PATHS = (
					"$(inherited)",
					"@executable_path/Frameworks",
				);
				MARKETING_VERSION = 1.0;
				PRODUCT_BUNDLE_IDENTIFIER = verdx.session2;
				PRODUCT_NAME = "$(TARGET_NAME)";
				SWIFT_EMIT_LOC_STRINGS = YES;
				SWIFT_VERSION = 5.0;
				TARGETED_DEVICE_FAMILY = "1,2";
			};
			name = Release;
		};
/* End XCBuildConfiguration section */

/* Begin XCConfigurationList section */
		213C01A82B7DB9E3001C1A92 /* Build configuration list for PBXProject "session2" */ = {
			isa = XCConfigurationList;
			buildConfigurations = (
				213C01B92B7DB9E5001C1A92 /* Debug */,
				213C01BA2B7DB9E5001C1A92 /* Release */,
			);
			defaultConfigurationIsVisible = 0;
			defaultConfigurationName = Release;
		};
		213C01BB2B7DB9E5001C1A92 /* Build configuration list for PBXNativeTarget "session2" */ = {
			isa = XCConfigurationList;
			buildConfigurations = (
				213C01BC2B7DB9E5001C1A92 /* Debug */,
				213C01BD2B7DB9E5001C1A92 /* Release */,
			);
			defaultConfigurationIsVisible = 0;
			defaultConfigurationName = Release;
		};
/* End XCConfigurationList section */
	};
	rootObject = 213C01A52B7DB9E3001C1A92 /* Project object */;
}
