// !$*UTF8*$!
{
	archiveVersion = 1;
	classes = {
	};
	objectVersion = 56;
	objects = {

/* Begin PBXBuildFile section */
		21C414D42B8E2E0A00DCCA9A /* kntrolApp.swift in Sources */ = {isa = PBXBuildFile; fileRef = 21C414D32B8E2E0A00DCCA9A /* kntrolApp.swift */; };
		21C414D62B8E2E0A00DCCA9A /* ContentView.swift in Sources */ = {isa = PBXBuildFile; fileRef = 21C414D52B8E2E0A00DCCA9A /* ContentView.swift */; };
		21C414D82B8E2E0D00DCCA9A /* Assets.xcassets in Resources */ = {isa = PBXBuildFile; fileRef = 21C414D72B8E2E0D00DCCA9A /* Assets.xcassets */; };
		21C414DB2B8E2E0D00DCCA9A /* Preview Assets.xcassets in Resources */ = {isa = PBXBuildFile; fileRef = 21C414DA2B8E2E0D00DCCA9A /* Preview Assets.xcassets */; };
		21C414E22B8E364800DCCA9A /* Home.swift in Sources */ = {isa = PBXBuildFile; fileRef = 21C414E12B8E364800DCCA9A /* Home.swift */; };
		21C414E42B8E365100DCCA9A /* Main.swift in Sources */ = {isa = PBXBuildFile; fileRef = 21C414E32B8E365100DCCA9A /* Main.swift */; };
		21C414E62B8E3EF400DCCA9A /* CustomTabView.swift in Sources */ = {isa = PBXBuildFile; fileRef = 21C414E52B8E3EF400DCCA9A /* CustomTabView.swift */; };
		21C414E82B8E518700DCCA9A /* ModelTabBar.swift in Sources */ = {isa = PBXBuildFile; fileRef = 21C414E72B8E518700DCCA9A /* ModelTabBar.swift */; };
		21C414EA2B8E534500DCCA9A /* Chat.swift in Sources */ = {isa = PBXBuildFile; fileRef = 21C414E92B8E534500DCCA9A /* Chat.swift */; };
		21C414EE2B8E680A00DCCA9A /* ModelProduct.swift in Sources */ = {isa = PBXBuildFile; fileRef = 21C414ED2B8E680A00DCCA9A /* ModelProduct.swift */; };
		21C414F12B8E6DA100DCCA9A /* ex3.swift in Sources */ = {isa = PBXBuildFile; fileRef = 21C414F02B8E6DA100DCCA9A /* ex3.swift */; };
		21C414F32B8EFA6E00DCCA9A /* ex4.swift in Sources */ = {isa = PBXBuildFile; fileRef = 21C414F22B8EFA6E00DCCA9A /* ex4.swift */; };
/* End PBXBuildFile section */

/* Begin PBXFileReference section */
		21C414D02B8E2E0A00DCCA9A /* kntrol.app */ = {isa = PBXFileReference; explicitFileType = wrapper.application; includeInIndex = 0; path = kntrol.app; sourceTree = BUILT_PRODUCTS_DIR; };
		21C414D32B8E2E0A00DCCA9A /* kntrolApp.swift */ = {isa = PBXFileReference; lastKnownFileType = sourcecode.swift; path = kntrolApp.swift; sourceTree = "<group>"; };
		21C414D52B8E2E0A00DCCA9A /* ContentView.swift */ = {isa = PBXFileReference; lastKnownFileType = sourcecode.swift; path = ContentView.swift; sourceTree = "<group>"; };
		21C414D72B8E2E0D00DCCA9A /* Assets.xcassets */ = {isa = PBXFileReference; lastKnownFileType = folder.assetcatalog; path = Assets.xcassets; sourceTree = "<group>"; };
		21C414DA2B8E2E0D00DCCA9A /* Preview Assets.xcassets */ = {isa = PBXFileReference; lastKnownFileType = folder.assetcatalog; path = "Preview Assets.xcassets"; sourceTree = "<group>"; };
		21C414E12B8E364800DCCA9A /* Home.swift */ = {isa = PBXFileReference; lastKnownFileType = sourcecode.swift; path = Home.swift; sourceTree = "<group>"; };
		21C414E32B8E365100DCCA9A /* Main.swift */ = {isa = PBXFileReference; lastKnownFileType = sourcecode.swift; path = Main.swift; sourceTree = "<group>"; };
		21C414E52B8E3EF400DCCA9A /* CustomTabView.swift */ = {isa = PBXFileReference; lastKnownFileType = sourcecode.swift; path = CustomTabView.swift; sourceTree = "<group>"; };
		21C414E72B8E518700DCCA9A /* ModelTabBar.swift */ = {isa = PBXFileReference; lastKnownFileType = sourcecode.swift; path = ModelTabBar.swift; sourceTree = "<group>"; };
		21C414E92B8E534500DCCA9A /* Chat.swift */ = {isa = PBXFileReference; lastKnownFileType = sourcecode.swift; path = Chat.swift; sourceTree = "<group>"; };
		21C414ED2B8E680A00DCCA9A /* ModelProduct.swift */ = {isa = PBXFileReference; lastKnownFileType = sourcecode.swift; path = ModelProduct.swift; sourceTree = "<group>"; };
		21C414F02B8E6DA100DCCA9A /* ex3.swift */ = {isa = PBXFileReference; lastKnownFileType = sourcecode.swift; path = ex3.swift; sourceTree = "<group>"; };
		21C414F22B8EFA6E00DCCA9A /* ex4.swift */ = {isa = PBXFileReference; lastKnownFileType = sourcecode.swift; path = ex4.swift; sourceTree = "<group>"; };
/* End PBXFileReference section */

/* Begin PBXFrameworksBuildPhase section */
		21C414CD2B8E2E0A00DCCA9A /* Frameworks */ = {
			isa = PBXFrameworksBuildPhase;
			buildActionMask = 2147483647;
			files = (
			);
			runOnlyForDeploymentPostprocessing = 0;
		};
/* End PBXFrameworksBuildPhase section */

/* Begin PBXGroup section */
		21C414C72B8E2E0A00DCCA9A = {
			isa = PBXGroup;
			children = (
				21C414D22B8E2E0A00DCCA9A /* kntrol */,
				21C414D12B8E2E0A00DCCA9A /* Products */,
			);
			sourceTree = "<group>";
		};
		21C414D12B8E2E0A00DCCA9A /* Products */ = {
			isa = PBXGroup;
			children = (
				21C414D02B8E2E0A00DCCA9A /* kntrol.app */,
			);
			name = Products;
			sourceTree = "<group>";
		};
		21C414D22B8E2E0A00DCCA9A /* kntrol */ = {
			isa = PBXGroup;
			children = (
				21C414D32B8E2E0A00DCCA9A /* kntrolApp.swift */,
				21C414EF2B8E6D8800DCCA9A /* ex 2 */,
				21C414F02B8E6DA100DCCA9A /* ex3.swift */,
				21C414F22B8EFA6E00DCCA9A /* ex4.swift */,
				21C414D72B8E2E0D00DCCA9A /* Assets.xcassets */,
				21C414D92B8E2E0D00DCCA9A /* Preview Content */,
			);
			path = kntrol;
			sourceTree = "<group>";
		};
		21C414D92B8E2E0D00DCCA9A /* Preview Content */ = {
			isa = PBXGroup;
			children = (
				21C414DA2B8E2E0D00DCCA9A /* Preview Assets.xcassets */,
			);
			path = "Preview Content";
			sourceTree = "<group>";
		};
		21C414EB2B8E535E00DCCA9A /* View */ = {
			isa = PBXGroup;
			children = (
				21C414D52B8E2E0A00DCCA9A /* ContentView.swift */,
				21C414E12B8E364800DCCA9A /* Home.swift */,
				21C414E32B8E365100DCCA9A /* Main.swift */,
				21C414E92B8E534500DCCA9A /* Chat.swift */,
			);
			path = View;
			sourceTree = "<group>";
		};
		21C414EC2B8E537900DCCA9A /* ViewModels */ = {
			isa = PBXGroup;
			children = (
				21C414E72B8E518700DCCA9A /* ModelTabBar.swift */,
				21C414E52B8E3EF400DCCA9A /* CustomTabView.swift */,
				21C414ED2B8E680A00DCCA9A /* ModelProduct.swift */,
			);
			path = ViewModels;
			sourceTree = "<group>";
		};
		21C414EF2B8E6D8800DCCA9A /* ex 2 */ = {
			isa = PBXGroup;
			children = (
				21C414EB2B8E535E00DCCA9A /* View */,
				21C414EC2B8E537900DCCA9A /* ViewModels */,
			);
			path = "ex 2";
			sourceTree = "<group>";
		};
/* End PBXGroup section */

/* Begin PBXNativeTarget section */
		21C414CF2B8E2E0A00DCCA9A /* kntrol */ = {
			isa = PBXNativeTarget;
			buildConfigurationList = 21C414DE2B8E2E0D00DCCA9A /* Build configuration list for PBXNativeTarget "kntrol" */;
			buildPhases = (
				21C414CC2B8E2E0A00DCCA9A /* Sources */,
				21C414CD2B8E2E0A00DCCA9A /* Frameworks */,
				21C414CE2B8E2E0A00DCCA9A /* Resources */,
			);
			buildRules = (
			);
			dependencies = (
			);
			name = kntrol;
			productName = kntrol;
			productReference = 21C414D02B8E2E0A00DCCA9A /* kntrol.app */;
			productType = "com.apple.product-type.application";
		};
/* End PBXNativeTarget section */

/* Begin PBXProject section */
		21C414C82B8E2E0A00DCCA9A /* Project object */ = {
			isa = PBXProject;
			attributes = {
				BuildIndependentTargetsInParallel = 1;
				LastSwiftUpdateCheck = 1520;
				LastUpgradeCheck = 1520;
				TargetAttributes = {
					21C414CF2B8E2E0A00DCCA9A = {
						CreatedOnToolsVersion = 15.2;
					};
				};
			};
			buildConfigurationList = 21C414CB2B8E2E0A00DCCA9A /* Build configuration list for PBXProject "kntrol" */;
			compatibilityVersion = "Xcode 14.0";
			developmentRegion = en;
			hasScannedForEncodings = 0;
			knownRegions = (
				en,
				Base,
			);
			mainGroup = 21C414C72B8E2E0A00DCCA9A;
			productRefGroup = 21C414D12B8E2E0A00DCCA9A /* Products */;
			projectDirPath = "";
			projectRoot = "";
			targets = (
				21C414CF2B8E2E0A00DCCA9A /* kntrol */,
			);
		};
/* End PBXProject section */

/* Begin PBXResourcesBuildPhase section */
		21C414CE2B8E2E0A00DCCA9A /* Resources */ = {
			isa = PBXResourcesBuildPhase;
			buildActionMask = 2147483647;
			files = (
				21C414DB2B8E2E0D00DCCA9A /* Preview Assets.xcassets in Resources */,
				21C414D82B8E2E0D00DCCA9A /* Assets.xcassets in Resources */,
			);
			runOnlyForDeploymentPostprocessing = 0;
		};
/* End PBXResourcesBuildPhase section */

/* Begin PBXSourcesBuildPhase section */
		21C414CC2B8E2E0A00DCCA9A /* Sources */ = {
			isa = PBXSourcesBuildPhase;
			buildActionMask = 2147483647;
			files = (
				21C414D62B8E2E0A00DCCA9A /* ContentView.swift in Sources */,
				21C414E82B8E518700DCCA9A /* ModelTabBar.swift in Sources */,
				21C414EA2B8E534500DCCA9A /* Chat.swift in Sources */,
				21C414E22B8E364800DCCA9A /* Home.swift in Sources */,
				21C414E62B8E3EF400DCCA9A /* CustomTabView.swift in Sources */,
				21C414E42B8E365100DCCA9A /* Main.swift in Sources */,
				21C414D42B8E2E0A00DCCA9A /* kntrolApp.swift in Sources */,
				21C414F32B8EFA6E00DCCA9A /* ex4.swift in Sources */,
				21C414F12B8E6DA100DCCA9A /* ex3.swift in Sources */,
				21C414EE2B8E680A00DCCA9A /* ModelProduct.swift in Sources */,
			);
			runOnlyForDeploymentPostprocessing = 0;
		};
/* End PBXSourcesBuildPhase section */

/* Begin XCBuildConfiguration section */
		21C414DC2B8E2E0D00DCCA9A /* Debug */ = {
			isa = XCBuildConfiguration;
			buildSettings = {
				ALWAYS_SEARCH_USER_PATHS = NO;
				ASSETCATALOG_COMPILER_GENERATE_SWIFT_ASSET_SYMBOL_EXTENSIONS = YES;
				CLANG_ANALYZER_NONNULL = YES;
				CLANG_ANALYZER_NUMBER_OBJECT_CONVERSION = YES_AGGRESSIVE;
				CLANG_CXX_LANGUAGE_STANDARD = "gnu++20";
				CLANG_ENABLE_MODULES = YES;
				CLANG_ENABLE_OBJC_ARC = YES;
				CLANG_ENABLE_OBJC_WEAK = YES;
				CLANG_WARN_BLOCK_CAPTURE_AUTORELEASING = YES;
				CLANG_WARN_BOOL_CONVERSION = YES;
				CLANG_WARN_COMMA = YES;
				CLANG_WARN_CONSTANT_CONVERSION = YES;
				CLANG_WARN_DEPRECATED_OBJC_IMPLEMENTATIONS = YES;
				CLANG_WARN_DIRECT_OBJC_ISA_USAGE = YES_ERROR;
				CLANG_WARN_DOCUMENTATION_COMMENTS = YES;
				CLANG_WARN_EMPTY_BODY = YES;
				CLANG_WARN_ENUM_CONVERSION = YES;
				CLANG_WARN_INFINITE_RECURSION = YES;
				CLANG_WARN_INT_CONVERSION = YES;
				CLANG_WARN_NON_LITERAL_NULL_CONVERSION = YES;
				CLANG_WARN_OBJC_IMPLICIT_RETAIN_SELF = YES;
				CLANG_WARN_OBJC_LITERAL_CONVERSION = YES;
				CLANG_WARN_OBJC_ROOT_CLASS = YES_ERROR;
				CLANG_WARN_QUOTED_INCLUDE_IN_FRAMEWORK_HEADER = YES;
				CLANG_WARN_RANGE_LOOP_ANALYSIS = YES;
				CLANG_WARN_STRICT_PROTOTYPES = YES;
				CLANG_WARN_SUSPICIOUS_MOVE = YES;
				CLANG_WARN_UNGUARDED_AVAILABILITY = YES_AGGRESSIVE;
				CLANG_WARN_UNREACHABLE_CODE = YES;
				CLANG_WARN__DUPLICATE_METHOD_MATCH = YES;
				COPY_PHASE_STRIP = NO;
				DEBUG_INFORMATION_FORMAT = dwarf;
				ENABLE_STRICT_OBJC_MSGSEND = YES;
				ENABLE_TESTABILITY = YES;
				ENABLE_USER_SCRIPT_SANDBOXING = YES;
				GCC_C_LANGUAGE_STANDARD = gnu17;
				GCC_DYNAMIC_NO_PIC = NO;
				GCC_NO_COMMON_BLOCKS = YES;
				GCC_OPTIMIZATION_LEVEL = 0;
				GCC_PREPROCESSOR_DEFINITIONS = (
					"DEBUG=1",
					"$(inherited)",
				);
				GCC_WARN_64_TO_32_BIT_CONVERSION = YES;
				GCC_WARN_ABOUT_RETURN_TYPE = YES_ERROR;
				GCC_WARN_UNDECLARED_SELECTOR = YES;
				GCC_WARN_UNINITIALIZED_AUTOS = YES_AGGRESSIVE;
				GCC_WARN_UNUSED_FUNCTION = YES;
				GCC_WARN_UNUSED_VARIABLE = YES;
				IPHONEOS_DEPLOYMENT_TARGET = 17.2;
				LOCALIZATION_PREFERS_STRING_CATALOGS = YES;
				MTL_ENABLE_DEBUG_INFO = INCLUDE_SOURCE;
				MTL_FAST_MATH = YES;
				ONLY_ACTIVE_ARCH = YES;
				SDKROOT = iphoneos;
				SWIFT_ACTIVE_COMPILATION_CONDITIONS = "DEBUG $(inherited)";
				SWIFT_OPTIMIZATION_LEVEL = "-Onone";
			};
			name = Debug;
		};
		21C414DD2B8E2E0D00DCCA9A /* Release */ = {
			isa = XCBuildConfiguration;
			buildSettings = {
				ALWAYS_SEARCH_USER_PATHS = NO;
				ASSETCATALOG_COMPILER_GENERATE_SWIFT_ASSET_SYMBOL_EXTENSIONS = YES;
				CLANG_ANALYZER_NONNULL = YES;
				CLANG_ANALYZER_NUMBER_OBJECT_CONVERSION = YES_AGGRESSIVE;
				CLANG_CXX_LANGUAGE_STANDARD = "gnu++20";
				CLANG_ENABLE_MODULES = YES;
				CLANG_ENABLE_OBJC_ARC = YES;
				CLANG_ENABLE_OBJC_WEAK = YES;
				CLANG_WARN_BLOCK_CAPTURE_AUTORELEASING = YES;
				CLANG_WARN_BOOL_CONVERSION = YES;
				CLANG_WARN_COMMA = YES;
				CLANG_WARN_CONSTANT_CONVERSION = YES;
				CLANG_WARN_DEPRECATED_OBJC_IMPLEMENTATIONS = YES;
				CLANG_WARN_DIRECT_OBJC_ISA_USAGE = YES_ERROR;
				CLANG_WARN_DOCUMENTATION_COMMENTS = YES;
				CLANG_WARN_EMPTY_BODY = YES;
				CLANG_WARN_ENUM_CONVERSION = YES;
				CLANG_WARN_INFINITE_RECURSION = YES;
				CLANG_WARN_INT_CONVERSION = YES;
				CLANG_WARN_NON_LITERAL_NULL_CONVERSION = YES;
				CLANG_WARN_OBJC_IMPLICIT_RETAIN_SELF = YES;
				CLANG_WARN_OBJC_LITERAL_CONVERSION = YES;
				CLANG_WARN_OBJC_ROOT_CLASS = YES_ERROR;
				CLANG_WARN_QUOTED_INCLUDE_IN_FRAMEWORK_HEADER = YES;
				CLANG_WARN_RANGE_LOOP_ANALYSIS = YES;
				CLANG_WARN_STRICT_PROTOTYPES = YES;
				CLANG_WARN_SUSPICIOUS_MOVE = YES;
				CLANG_WARN_UNGUARDED_AVAILABILITY = YES_AGGRESSIVE;
				CLANG_WARN_UNREACHABLE_CODE = YES;
				CLANG_WARN__DUPLICATE_METHOD_MATCH = YES;
				COPY_PHASE_STRIP = NO;
				DEBUG_INFORMATION_FORMAT = "dwarf-with-dsym";
				ENABLE_NS_ASSERTIONS = NO;
				ENABLE_STRICT_OBJC_MSGSEND = YES;
				ENABLE_USER_SCRIPT_SANDBOXING = YES;
				GCC_C_LANGUAGE_STANDARD = gnu17;
				GCC_NO_COMMON_BLOCKS = YES;
				GCC_WARN_64_TO_32_BIT_CONVERSION = YES;
				GCC_WARN_ABOUT_RETURN_TYPE = YES_ERROR;
				GCC_WARN_UNDECLARED_SELECTOR = YES;
				GCC_WARN_UNINITIALIZED_AUTOS = YES_AGGRESSIVE;
				GCC_WARN_UNUSED_FUNCTION = YES;
				GCC_WARN_UNUSED_VARIABLE = YES;
				IPHONEOS_DEPLOYMENT_TARGET = 17.2;
				LOCALIZATION_PREFERS_STRING_CATALOGS = YES;
				MTL_ENABLE_DEBUG_INFO = NO;
				MTL_FAST_MATH = YES;
				SDKROOT = iphoneos;
				SWIFT_COMPILATION_MODE = wholemodule;
				VALIDATE_PRODUCT = YES;
			};
			name = Release;
		};
		21C414DF2B8E2E0D00DCCA9A /* Debug */ = {
			isa = XCBuildConfiguration;
			buildSettings = {
				ASSETCATALOG_COMPILER_APPICON_NAME = AppIcon;
				ASSETCATALOG_COMPILER_GLOBAL_ACCENT_COLOR_NAME = AccentColor;
				CODE_SIGN_STYLE = Automatic;
				CURRENT_PROJECT_VERSION = 1;
				DEVELOPMENT_ASSET_PATHS = "\"kntrol/Preview Content\"";
				DEVELOPMENT_TEAM = 74A6F279YB;
				ENABLE_PREVIEWS = YES;
				GENERATE_INFOPLIST_FILE = YES;
				INFOPLIST_KEY_UIApplicationSceneManifest_Generation = YES;
				INFOPLIST_KEY_UIApplicationSupportsIndirectInputEvents = YES;
				INFOPLIST_KEY_UILaunchScreen_Generation = YES;
				INFOPLIST_KEY_UISupportedInterfaceOrientations_iPad = "UIInterfaceOrientationPortrait UIInterfaceOrientationPortraitUpsideDown UIInterfaceOrientationLandscapeLeft UIInterfaceOrientationLandscapeRight";
				INFOPLIST_KEY_UISupportedInterfaceOrientations_iPhone = "UIInterfaceOrientationPortrait UIInterfaceOrientationLandscapeLeft UIInterfaceOrientationLandscapeRight";
				LD_RUNPATH_SEARCH_PATHS = (
					"$(inherited)",
					"@executable_path/Frameworks",
				);
				MARKETING_VERSION = 1.0;
				PRODUCT_BUNDLE_IDENTIFIER = verdx.kntrol;
				PRODUCT_NAME = "$(TARGET_NAME)";
				SWIFT_EMIT_LOC_STRINGS = YES;
				SWIFT_VERSION = 5.0;
				TARGETED_DEVICE_FAMILY = "1,2";
			};
			name = Debug;
		};
		21C414E02B8E2E0D00DCCA9A /* Release */ = {
			isa = XCBuildConfiguration;
			buildSettings = {
				ASSETCATALOG_COMPILER_APPICON_NAME = AppIcon;
				ASSETCATALOG_COMPILER_GLOBAL_ACCENT_COLOR_NAME = AccentColor;
				CODE_SIGN_STYLE = Automatic;
				CURRENT_PROJECT_VERSION = 1;
				DEVELOPMENT_ASSET_PATHS = "\"kntrol/Preview Content\"";
				DEVELOPMENT_TEAM = 74A6F279YB;
				ENABLE_PREVIEWS = YES;
				GENERATE_INFOPLIST_FILE = YES;
				INFOPLIST_KEY_UIApplicationSceneManifest_Generation = YES;
				INFOPLIST_KEY_UIApplicationSupportsIndirectInputEvents = YES;
				INFOPLIST_KEY_UILaunchScreen_Generation = YES;
				INFOPLIST_KEY_UISupportedInterfaceOrientations_iPad = "UIInterfaceOrientationPortrait UIInterfaceOrientationPortraitUpsideDown UIInterfaceOrientationLandscapeLeft UIInterfaceOrientationLandscapeRight";
				INFOPLIST_KEY_UISupportedInterfaceOrientations_iPhone = "UIInterfaceOrientationPortrait UIInterfaceOrientationLandscapeLeft UIInterfaceOrientationLandscapeRight";
				LD_RUNPATH_SEARCH_PATHS = (
					"$(inherited)",
					"@executable_path/Frameworks",
				);
				MARKETING_VERSION = 1.0;
				PRODUCT_BUNDLE_IDENTIFIER = verdx.kntrol;
				PRODUCT_NAME = "$(TARGET_NAME)";
				SWIFT_EMIT_LOC_STRINGS = YES;
				SWIFT_VERSION = 5.0;
				TARGETED_DEVICE_FAMILY = "1,2";
			};
			name = Release;
		};
/* End XCBuildConfiguration section */

/* Begin XCConfigurationList section */
		21C414CB2B8E2E0A00DCCA9A /* Build configuration list for PBXProject "kntrol" */ = {
			isa = XCConfigurationList;
			buildConfigurations = (
				21C414DC2B8E2E0D00DCCA9A /* Debug */,
				21C414DD2B8E2E0D00DCCA9A /* Release */,
			);
			defaultConfigurationIsVisible = 0;
			defaultConfigurationName = Release;
		};
		21C414DE2B8E2E0D00DCCA9A /* Build configuration list for PBXNativeTarget "kntrol" */ = {
			isa = XCConfigurationList;
			buildConfigurations = (
				21C414DF2B8E2E0D00DCCA9A /* Debug */,
				21C414E02B8E2E0D00DCCA9A /* Release */,
			);
			defaultConfigurationIsVisible = 0;
			defaultConfigurationName = Release;
		};
/* End XCConfigurationList section */
	};
	rootObject = 21C414C82B8E2E0A00DCCA9A /* Project object */;
}
